
Microsoft Visual Studio Solution File, Format Version 12.00
Project("{FAE04EC0-301F-11D3-BF4B-00C04F79EFBC}") = "CloudflareUrlScannerApiTestApp", "CloudflareUrlScannerApiTestApp\CloudflareUrlScannerApiTestApp.csproj", "{06DF85DC-314A-40BA-A8E7-9765A7C1CB9C}"
EndProject
Global
	GlobalSection(SolutionConfigurationPlatforms) = preSolution
		Debug|Any CPU = Debug|Any CPU
		Release|Any CPU = Release|Any CPU
	EndGlobalSection
	GlobalSection(ProjectConfigurationPlatforms) = postSolution
		{06DF85DC-314A-40BA-A8E7-9765A7C1CB9C}.Debug|Any CPU.ActiveCfg = Debug|Any CPU
		{06DF85DC-314A-40BA-A8E7-9765A7C1CB9C}.Debug|Any CPU.Build.0 = Debug|Any CPU
		{06DF85DC-314A-40BA-A8E7-9765A7C1CB9C}.Release|Any CPU.ActiveCfg = Release|Any CPU
		{06DF85DC-314A-40BA-A8E7-9765A7C1CB9C}.Release|Any CPU.Build.0 = Release|Any CPU
	EndGlobalSection
EndGlobal
